// !$*UTF8*$!
{
	archiveVersion = 1;
	classes = {
	};
	objectVersion = 56;
	objects = {

/* Begin PBXBuildFile section */
		E39FE6582A4F2AE00020D0D7 /* Weather_SwiftUIApp.swift in Sources */ = {isa = PBXBuildFile; fileRef = E39FE6572A4F2AE00020D0D7 /* Weather_SwiftUIApp.swift */; };
		E39FE65A2A4F2AE00020D0D7 /* ContentView.swift in Sources */ = {isa = PBXBuildFile; fileRef = E39FE6592A4F2AE00020D0D7 /* ContentView.swift */; };
		E39FE65C2A4F2AE20020D0D7 /* Assets.xcassets in Resources */ = {isa = PBXBuildFile; fileRef = E39FE65B2A4F2AE20020D0D7 /* Assets.xcassets */; };
		E39FE65F2A4F2AE20020D0D7 /* Preview Assets.xcassets in Resources */ = {isa = PBXBuildFile; fileRef = E39FE65E2A4F2AE20020D0D7 /* Preview Assets.xcassets */; };
		E39FE6692A4F2AE20020D0D7 /* Weather_SwiftUITests.swift in Sources */ = {isa = PBXBuildFile; fileRef = E39FE6682A4F2AE20020D0D7 /* Weather_SwiftUITests.swift */; };
		E39FE6732A4F2AE20020D0D7 /* Weather_SwiftUIUITests.swift in Sources */ = {isa = PBXBuildFile; fileRef = E39FE6722A4F2AE20020D0D7 /* Weather_SwiftUIUITests.swift */; };
		E39FE6752A4F2AE20020D0D7 /* Weather_SwiftUIUITestsLaunchTests.swift in Sources */ = {isa = PBXBuildFile; fileRef = E39FE6742A4F2AE20020D0D7 /* Weather_SwiftUIUITestsLaunchTests.swift */; };
/* End PBXBuildFile section */

/* Begin PBXContainerItemProxy section */
		E39FE6652A4F2AE20020D0D7 /* PBXContainerItemProxy */ = {
			isa = PBXContainerItemProxy;
			containerPortal = E39FE64C2A4F2AE00020D0D7 /* Project object */;
			proxyType = 1;
			remoteGlobalIDString = E39FE6532A4F2AE00020D0D7;
			remoteInfo = "Weather-SwiftUI";
		};
		E39FE66F2A4F2AE20020D0D7 /* PBXContainerItemProxy */ = {
			isa = PBXContainerItemProxy;
			containerPortal = E39FE64C2A4F2AE00020D0D7 /* Project object */;
			proxyType = 1;
			remoteGlobalIDString = E39FE6532A4F2AE00020D0D7;
			remoteInfo = "Weather-SwiftUI";
		};
/* End PBXContainerItemProxy section */

/* Begin PBXFileReference section */
		E39FE6542A4F2AE00020D0D7 /* Weather-SwiftUI.app */ = {isa = PBXFileReference; explicitFileType = wrapper.application; includeInIndex = 0; path = "Weather-SwiftUI.app"; sourceTree = BUILT_PRODUCTS_DIR; };
		E39FE6572A4F2AE00020D0D7 /* Weather_SwiftUIApp.swift */ = {isa = PBXFileReference; lastKnownFileType = sourcecode.swift; path = Weather_SwiftUIApp.swift; sourceTree = "<group>"; };
		E39FE6592A4F2AE00020D0D7 /* ContentView.swift */ = {isa = PBXFileReference; lastKnownFileType = sourcecode.swift; path = ContentView.swift; sourceTree = "<group>"; };
		E39FE65B2A4F2AE20020D0D7 /* Assets.xcassets */ = {isa = PBXFileReference; lastKnownFileType = folder.assetcatalog; path = Assets.xcassets; sourceTree = "<group>"; };
		E39FE65E2A4F2AE20020D0D7 /* Preview Assets.xcassets */ = {isa = PBXFileReference; lastKnownFileType = folder.assetcatalog; path = "Preview Assets.xcassets"; sourceTree = "<group>"; };
		E39FE6642A4F2AE20020D0D7 /* Weather-SwiftUITests.xctest */ = {isa = PBXFileReference; explicitFileType = wrapper.cfbundle; includeInIndex = 0; path = "Weather-SwiftUITests.xctest"; sourceTree = BUILT_PRODUCTS_DIR; };
		E39FE6682A4F2AE20020D0D7 /* Weather_SwiftUITests.swift */ = {isa = PBXFileReference; lastKnownFileType = sourcecode.swift; path = Weather_SwiftUITests.swift; sourceTree = "<group>"; };
		E39FE66E2A4F2AE20020D0D7 /* Weather-SwiftUIUITests.xctest */ = {isa = PBXFileReference; explicitFileType = wrapper.cfbundle; includeInIndex = 0; path = "Weather-SwiftUIUITests.xctest"; sourceTree = BUILT_PRODUCTS_DIR; };
		E39FE6722A4F2AE20020D0D7 /* Weather_SwiftUIUITests.swift */ = {isa = PBXFileReference; lastKnownFileType = sourcecode.swift; path = Weather_SwiftUIUITests.swift; sourceTree = "<group>"; };
		E39FE6742A4F2AE20020D0D7 /* Weather_SwiftUIUITestsLaunchTests.swift */ = {isa = PBXFileReference; lastKnownFileType = sourcecode.swift; path = Weather_SwiftUIUITestsLaunchTests.swift; sourceTree = "<group>"; };
/* End PBXFileReference section */

/* Begin PBXFrameworksBuildPhase section */
		E39FE6512A4F2AE00020D0D7 /* Frameworks */ = {
			isa = PBXFrameworksBuildPhase;
			buildActionMask = 2147483647;
			files = (
			);
			runOnlyForDeploymentPostprocessing = 0;
		};
		E39FE6612A4F2AE20020D0D7 /* Frameworks */ = {
			isa = PBXFrameworksBuildPhase;
			buildActionMask = 2147483647;
			files = (
			);
			runOnlyForDeploymentPostprocessing = 0;
		};
		E39FE66B2A4F2AE20020D0D7 /* Frameworks */ = {
			isa = PBXFrameworksBuildPhase;
			buildActionMask = 2147483647;
			files = (
			);
			runOnlyForDeploymentPostprocessing = 0;
		};
/* End PBXFrameworksBuildPhase section */

/* Begin PBXGroup section */
		E39FE64B2A4F2AE00020D0D7 = {
			isa = PBXGroup;
			children = (
				E39FE6562A4F2AE00020D0D7 /* Weather-SwiftUI */,
				E39FE6672A4F2AE20020D0D7 /* Weather-SwiftUITests */,
				E39FE6712A4F2AE20020D0D7 /* Weather-SwiftUIUITests */,
				E39FE6552A4F2AE00020D0D7 /* Products */,
			);
			sourceTree = "<group>";
		};
		E39FE6552A4F2AE00020D0D7 /* Products */ = {
			isa = PBXGroup;
			children = (
				E39FE6542A4F2AE00020D0D7 /* Weather-SwiftUI.app */,
				E39FE6642A4F2AE20020D0D7 /* Weather-SwiftUITests.xctest */,
				E39FE66E2A4F2AE20020D0D7 /* Weather-SwiftUIUITests.xctest */,
			);
			name = Products;
			sourceTree = "<group>";
		};
		E39FE6562A4F2AE00020D0D7 /* Weather-SwiftUI */ = {
			isa = PBXGroup;
			children = (
				E39FE6572A4F2AE00020D0D7 /* Weather_SwiftUIApp.swift */,
				E39FE6592A4F2AE00020D0D7 /* ContentView.swift */,
				E39FE65B2A4F2AE20020D0D7 /* Assets.xcassets */,
				E39FE65D2A4F2AE20020D0D7 /* Preview Content */,
			);
			path = "Weather-SwiftUI";
			sourceTree = "<group>";
		};
		E39FE65D2A4F2AE20020D0D7 /* Preview Content */ = {
			isa = PBXGroup;
			children = (
				E39FE65E2A4F2AE20020D0D7 /* Preview Assets.xcassets */,
			);
			path = "Preview Content";
			sourceTree = "<group>";
		};
		E39FE6672A4F2AE20020D0D7 /* Weather-SwiftUITests */ = {
			isa = PBXGroup;
			children = (
				E39FE6682A4F2AE20020D0D7 /* Weather_SwiftUITests.swift */,
			);
			path = "Weather-SwiftUITests";
			sourceTree = "<group>";
		};
		E39FE6712A4F2AE20020D0D7 /* Weather-SwiftUIUITests */ = {
			isa = PBXGroup;
			children = (
				E39FE6722A4F2AE20020D0D7 /* Weather_SwiftUIUITests.swift */,
				E39FE6742A4F2AE20020D0D7 /* Weather_SwiftUIUITestsLaunchTests.swift */,
			);
			path = "Weather-SwiftUIUITests";
			sourceTree = "<group>";
		};
/* End PBXGroup section */

/* Begin PBXNativeTarget section */
		E39FE6532A4F2AE00020D0D7 /* Weather-SwiftUI */ = {
			isa = PBXNativeTarget;
			buildConfigurationList = E39FE6782A4F2AE20020D0D7 /* Build configuration list for PBXNativeTarget "Weather-SwiftUI" */;
			buildPhases = (
				E39FE6502A4F2AE00020D0D7 /* Sources */,
				E39FE6512A4F2AE00020D0D7 /* Frameworks */,
				E39FE6522A4F2AE00020D0D7 /* Resources */,
			);
			buildRules = (
			);
			dependencies = (
			);
			name = "Weather-SwiftUI";
			productName = "Weather-SwiftUI";
			productReference = E39FE6542A4F2AE00020D0D7 /* Weather-SwiftUI.app */;
			productType = "com.apple.product-type.application";
		};
		E39FE6632A4F2AE20020D0D7 /* Weather-SwiftUITests */ = {
			isa = PBXNativeTarget;
			buildConfigurationList = E39FE67B2A4F2AE20020D0D7 /* Build configuration list for PBXNativeTarget "Weather-SwiftUITests" */;
			buildPhases = (
				E39FE6602A4F2AE20020D0D7 /* Sources */,
				E39FE6612A4F2AE20020D0D7 /* Frameworks */,
				E39FE6622A4F2AE20020D0D7 /* Resources */,
			);
			buildRules = (
			);
			dependencies = (
				E39FE6662A4F2AE20020D0D7 /* PBXTargetDependency */,
			);
			name = "Weather-SwiftUITests";
			productName = "Weather-SwiftUITests";
			productReference = E39FE6642A4F2AE20020D0D7 /* Weather-SwiftUITests.xctest */;
			productType = "com.apple.product-type.bundle.unit-test";
		};
		E39FE66D2A4F2AE20020D0D7 /* Weather-SwiftUIUITests */ = {
			isa = PBXNativeTarget;
			buildConfigurationList = E39FE67E2A4F2AE20020D0D7 /* Build configuration list for PBXNativeTarget "Weather-SwiftUIUITests" */;
			buildPhases = (
				E39FE66A2A4F2AE20020D0D7 /* Sources */,
				E39FE66B2A4F2AE20020D0D7 /* Frameworks */,
				E39FE66C2A4F2AE20020D0D7 /* Resources */,
			);
			buildRules = (
			);
			dependencies = (
				E39FE6702A4F2AE20020D0D7 /* PBXTargetDependency */,
			);
			name = "Weather-SwiftUIUITests";
			productName = "Weather-SwiftUIUITests";
			productReference = E39FE66E2A4F2AE20020D0D7 /* Weather-SwiftUIUITests.xctest */;
			productType = "com.apple.product-type.bundle.ui-testing";
		};
/* End PBXNativeTarget section */

/* Begin PBXProject section */
		E39FE64C2A4F2AE00020D0D7 /* Project object */ = {
			isa = PBXProject;
			attributes = {
				BuildIndependentTargetsInParallel = 1;
				LastSwiftUpdateCheck = 1430;
				LastUpgradeCheck = 1430;
				TargetAttributes = {
					E39FE6532A4F2AE00020D0D7 = {
						CreatedOnToolsVersion = 14.3.1;
					};
					E39FE6632A4F2AE20020D0D7 = {
						CreatedOnToolsVersion = 14.3.1;
						TestTargetID = E39FE6532A4F2AE00020D0D7;
					};
					E39FE66D2A4F2AE20020D0D7 = {
						CreatedOnToolsVersion = 14.3.1;
						TestTargetID = E39FE6532A4F2AE00020D0D7;
					};
				};
			};
			buildConfigurationList = E39FE64F2A4F2AE00020D0D7 /* Build configuration list for PBXProject "Weather-SwiftUI" */;
			compatibilityVersion = "Xcode 14.0";
			developmentRegion = en;
			hasScannedForEncodings = 0;
			knownRegions = (
				en,
				Base,
			);
			mainGroup = E39FE64B2A4F2AE00020D0D7;
			productRefGroup = E39FE6552A4F2AE00020D0D7 /* Products */;
			projectDirPath = "";
			projectRoot = "";
			targets = (
				E39FE6532A4F2AE00020D0D7 /* Weather-SwiftUI */,
				E39FE6632A4F2AE20020D0D7 /* Weather-SwiftUITests */,
				E39FE66D2A4F2AE20020D0D7 /* Weather-SwiftUIUITests */,
			);
		};
/* End PBXProject section */

/* Begin PBXResourcesBuildPhase section */
		E39FE6522A4F2AE00020D0D7 /* Resources */ = {
			isa = PBXResourcesBuildPhase;
			buildActionMask = 2147483647;
			files = (
				E39FE65F2A4F2AE20020D0D7 /* Preview Assets.xcassets in Resources */,
				E39FE65C2A4F2AE20020D0D7 /* Assets.xcassets in Resources */,
			);
			runOnlyForDeploymentPostprocessing = 0;
		};
		E39FE6622A4F2AE20020D0D7 /* Resources */ = {
			isa = PBXResourcesBuildPhase;
			buildActionMask = 2147483647;
			files = (
			);
			runOnlyForDeploymentPostprocessing = 0;
		};
		E39FE66C2A4F2AE20020D0D7 /* Resources */ = {
			isa = PBXResourcesBuildPhase;
			buildActionMask = 2147483647;
			files = (
			);
			runOnlyForDeploymentPostprocessing = 0;
		};
/* End PBXResourcesBuildPhase section */

/* Begin PBXSourcesBuildPhase section */
		E39FE6502A4F2AE00020D0D7 /* Sources */ = {
			isa = PBXSourcesBuildPhase;
			buildActionMask = 2147483647;
			files = (
				E39FE65A2A4F2AE00020D0D7 /* ContentView.swift in Sources */,
				E39FE6582A4F2AE00020D0D7 /* Weather_SwiftUIApp.swift in Sources */,
			);
			runOnlyForDeploymentPostprocessing = 0;
		};
		E39FE6602A4F2AE20020D0D7 /* Sources */ = {
			isa = PBXSourcesBuildPhase;
			buildActionMask = 2147483647;
			files = (
				E39FE6692A4F2AE20020D0D7 /* Weather_SwiftUITests.swift in Sources */,
			);
			runOnlyForDeploymentPostprocessing = 0;
		};
		E39FE66A2A4F2AE20020D0D7 /* Sources */ = {
			isa = PBXSourcesBuildPhase;
			buildActionMask = 2147483647;
			files = (
				E39FE6732A4F2AE20020D0D7 /* Weather_SwiftUIUITests.swift in Sources */,
				E39FE6752A4F2AE20020D0D7 /* Weather_SwiftUIUITestsLaunchTests.swift in Sources */,
			);
			runOnlyForDeploymentPostprocessing = 0;
		};
/* End PBXSourcesBuildPhase section */

/* Begin PBXTargetDependency section */
		E39FE6662A4F2AE20020D0D7 /* PBXTargetDependency */ = {
			isa = PBXTargetDependency;
			target = E39FE6532A4F2AE00020D0D7 /* Weather-SwiftUI */;
			targetProxy = E39FE6652A4F2AE20020D0D7 /* PBXContainerItemProxy */;
		};
		E39FE6702A4F2AE20020D0D7 /* PBXTargetDependency */ = {
			isa = PBXTargetDependency;
			target = E39FE6532A4F2AE00020D0D7 /* Weather-SwiftUI */;
			targetProxy = E39FE66F2A4F2AE20020D0D7 /* PBXContainerItemProxy */;
		};
/* End PBXTargetDependency section */

/* Begin XCBuildConfiguration section */
		E39FE6762A4F2AE20020D0D7 /* Debug */ = {
			isa = XCBuildConfiguration;
			buildSettings = {
				ALWAYS_SEARCH_USER_PATHS = NO;
				CLANG_ANALYZER_NONNULL = YES;
				CLANG_ANALYZER_NUMBER_OBJECT_CONVERSION = YES_AGGRESSIVE;
				CLANG_CXX_LANGUAGE_STANDARD = "gnu++20";
				CLANG_ENABLE_MODULES = YES;
				CLANG_ENABLE_OBJC_ARC = YES;
				CLANG_ENABLE_OBJC_WEAK = YES;
				CLANG_WARN_BLOCK_CAPTURE_AUTORELEASING = YES;
				CLANG_WARN_BOOL_CONVERSION = YES;
				CLANG_WARN_COMMA = YES;
				CLANG_WARN_CONSTANT_CONVERSION = YES;
				CLANG_WARN_DEPRECATED_OBJC_IMPLEMENTATIONS = YES;
				CLANG_WARN_DIRECT_OBJC_ISA_USAGE = YES_ERROR;
				CLANG_WARN_DOCUMENTATION_COMMENTS = YES;
				CLANG_WARN_EMPTY_BODY = YES;
				CLANG_WARN_ENUM_CONVERSION = YES;
				CLANG_WARN_INFINITE_RECURSION = YES;
				CLANG_WARN_INT_CONVERSION = YES;
				CLANG_WARN_NON_LITERAL_NULL_CONVERSION = YES;
				CLANG_WARN_OBJC_IMPLICIT_RETAIN_SELF = YES;
				CLANG_WARN_OBJC_LITERAL_CONVERSION = YES;
				CLANG_WARN_OBJC_ROOT_CLASS = YES_ERROR;
				CLANG_WARN_QUOTED_INCLUDE_IN_FRAMEWORK_HEADER = YES;
				CLANG_WARN_RANGE_LOOP_ANALYSIS = YES;
				CLANG_WARN_STRICT_PROTOTYPES = YES;
				CLANG_WARN_SUSPICIOUS_MOVE = YES;
				CLANG_WARN_UNGUARDED_AVAILABILITY = YES_AGGRESSIVE;
				CLANG_WARN_UNREACHABLE_CODE = YES;
				CLANG_WARN__DUPLICATE_METHOD_MATCH = YES;
				COPY_PHASE_STRIP = NO;
				DEBUG_INFORMATION_FORMAT = dwarf;
				ENABLE_STRICT_OBJC_MSGSEND = YES;
				ENABLE_TESTABILITY = YES;
				GCC_C_LANGUAGE_STANDARD = gnu11;
				GCC_DYNAMIC_NO_PIC = NO;
				GCC_NO_COMMON_BLOCKS = YES;
				GCC_OPTIMIZATION_LEVEL = 0;
				GCC_PREPROCESSOR_DEFINITIONS = (
					"DEBUG=1",
					"$(inherited)",
				);
				GCC_WARN_64_TO_32_BIT_CONVERSION = YES;
				GCC_WARN_ABOUT_RETURN_TYPE = YES_ERROR;
				GCC_WARN_UNDECLARED_SELECTOR = YES;
				GCC_WARN_UNINITIALIZED_AUTOS = YES_AGGRESSIVE;
				GCC_WARN_UNUSED_FUNCTION = YES;
				GCC_WARN_UNUSED_VARIABLE = YES;
				IPHONEOS_DEPLOYMENT_TARGET = 16.4;
				MTL_ENABLE_DEBUG_INFO = INCLUDE_SOURCE;
				MTL_FAST_MATH = YES;
				ONLY_ACTIVE_ARCH = YES;
				SDKROOT = iphoneos;
				SWIFT_ACTIVE_COMPILATION_CONDITIONS = DEBUG;
				SWIFT_OPTIMIZATION_LEVEL = "-Onone";
			};
			name = Debug;
		};
		E39FE6772A4F2AE20020D0D7 /* Release */ = {
			isa = XCBuildConfiguration;
			buildSettings = {
				ALWAYS_SEARCH_USER_PATHS = NO;
				CLANG_ANALYZER_NONNULL = YES;
				CLANG_ANALYZER_NUMBER_OBJECT_CONVERSION = YES_AGGRESSIVE;
				CLANG_CXX_LANGUAGE_STANDARD = "gnu++20";
				CLANG_ENABLE_MODULES = YES;
				CLANG_ENABLE_OBJC_ARC = YES;
				CLANG_ENABLE_OBJC_WEAK = YES;
				CLANG_WARN_BLOCK_CAPTURE_AUTORELEASING = YES;
				CLANG_WARN_BOOL_CONVERSION = YES;
				CLANG_WARN_COMMA = YES;
				CLANG_WARN_CONSTANT_CONVERSION = YES;
				CLANG_WARN_DEPRECATED_OBJC_IMPLEMENTATIONS = YES;
				CLANG_WARN_DIRECT_OBJC_ISA_USAGE = YES_ERROR;
				CLANG_WARN_DOCUMENTATION_COMMENTS = YES;
				CLANG_WARN_EMPTY_BODY = YES;
				CLANG_WARN_ENUM_CONVERSION = YES;
				CLANG_WARN_INFINITE_RECURSION = YES;
				CLANG_WARN_INT_CONVERSION = YES;
				CLANG_WARN_NON_LITERAL_NULL_CONVERSION = YES;
				CLANG_WARN_OBJC_IMPLICIT_RETAIN_SELF = YES;
				CLANG_WARN_OBJC_LITERAL_CONVERSION = YES;
				CLANG_WARN_OBJC_ROOT_CLASS = YES_ERROR;
				CLANG_WARN_QUOTED_INCLUDE_IN_FRAMEWORK_HEADER = YES;
				CLANG_WARN_RANGE_LOOP_ANALYSIS = YES;
				CLANG_WARN_STRICT_PROTOTYPES = YES;
				CLANG_WARN_SUSPICIOUS_MOVE = YES;
				CLANG_WARN_UNGUARDED_AVAILABILITY = YES_AGGRESSIVE;
				CLANG_WARN_UNREACHABLE_CODE = YES;
				CLANG_WARN__DUPLICATE_METHOD_MATCH = YES;
				COPY_PHASE_STRIP = NO;
				DEBUG_INFORMATION_FORMAT = "dwarf-with-dsym";
				ENABLE_NS_ASSERTIONS = NO;
				ENABLE_STRICT_OBJC_MSGSEND = YES;
				GCC_C_LANGUAGE_STANDARD = gnu11;
				GCC_NO_COMMON_BLOCKS = YES;
				GCC_WARN_64_TO_32_BIT_CONVERSION = YES;
				GCC_WARN_ABOUT_RETURN_TYPE = YES_ERROR;
				GCC_WARN_UNDECLARED_SELECTOR = YES;
				GCC_WARN_UNINITIALIZED_AUTOS = YES_AGGRESSIVE;
				GCC_WARN_UNUSED_FUNCTION = YES;
				GCC_WARN_UNUSED_VARIABLE = YES;
				IPHONEOS_DEPLOYMENT_TARGET = 16.4;
				MTL_ENABLE_DEBUG_INFO = NO;
				MTL_FAST_MATH = YES;
				SDKROOT = iphoneos;
				SWIFT_COMPILATION_MODE = wholemodule;
				SWIFT_OPTIMIZATION_LEVEL = "-O";
				VALIDATE_PRODUCT = YES;
			};
			name = Release;
		};
		E39FE6792A4F2AE20020D0D7 /* Debug */ = {
			isa = XCBuildConfiguration;
			buildSettings = {
				ASSETCATALOG_COMPILER_APPICON_NAME = AppIcon;
				ASSETCATALOG_COMPILER_GLOBAL_ACCENT_COLOR_NAME = AccentColor;
				CODE_SIGN_STYLE = Automatic;
				CURRENT_PROJECT_VERSION = 1;
				DEVELOPMENT_ASSET_PATHS = "\"Weather-SwiftUI/Preview Content\"";
				ENABLE_PREVIEWS = YES;
				GENERATE_INFOPLIST_FILE = YES;
				INFOPLIST_KEY_UIApplicationSceneManifest_Generation = YES;
				INFOPLIST_KEY_UIApplicationSupportsIndirectInputEvents = YES;
				INFOPLIST_KEY_UILaunchScreen_Generation = YES;
				INFOPLIST_KEY_UISupportedInterfaceOrientations_iPad = "UIInterfaceOrientationPortrait UIInterfaceOrientationPortraitUpsideDown UIInterfaceOrientationLandscapeLeft UIInterfaceOrientationLandscapeRight";
				INFOPLIST_KEY_UISupportedInterfaceOrientations_iPhone = "UIInterfaceOrientationPortrait UIInterfaceOrientationLandscapeLeft UIInterfaceOrientationLandscapeRight";
				LD_RUNPATH_SEARCH_PATHS = (
					"$(inherited)",
					"@executable_path/Frameworks",
				);
				MARKETING_VERSION = 1.0;
				PRODUCT_BUNDLE_IDENTIFIER = "com.Musashi.Weather-SwiftUI";
				PRODUCT_NAME = "$(TARGET_NAME)";
				SWIFT_EMIT_LOC_STRINGS = YES;
				SWIFT_VERSION = 5.0;
				TARGETED_DEVICE_FAMILY = "1,2";
			};
			name = Debug;
		};
		E39FE67A2A4F2AE20020D0D7 /* Release */ = {
			isa = XCBuildConfiguration;
			buildSettings = {
				ASSETCATALOG_COMPILER_APPICON_NAME = AppIcon;
				ASSETCATALOG_COMPILER_GLOBAL_ACCENT_COLOR_NAME = AccentColor;
				CODE_SIGN_STYLE = Automatic;
				CURRENT_PROJECT_VERSION = 1;
				DEVELOPMENT_ASSET_PATHS = "\"Weather-SwiftUI/Preview Content\"";
				ENABLE_PREVIEWS = YES;
				GENERATE_INFOPLIST_FILE = YES;
				INFOPLIST_KEY_UIApplicationSceneManifest_Generation = YES;
				INFOPLIST_KEY_UIApplicationSupportsIndirectInputEvents = YES;
				INFOPLIST_KEY_UILaunchScreen_Generation = YES;
				INFOPLIST_KEY_UISupportedInterfaceOrientations_iPad = "UIInterfaceOrientationPortrait UIInterfaceOrientationPortraitUpsideDown UIInterfaceOrientationLandscapeLeft UIInterfaceOrientationLandscapeRight";
				INFOPLIST_KEY_UISupportedInterfaceOrientations_iPhone = "UIInterfaceOrientationPortrait UIInterfaceOrientationLandscapeLeft UIInterfaceOrientationLandscapeRight";
				LD_RUNPATH_SEARCH_PATHS = (
					"$(inherited)",
					"@executable_path/Frameworks",
				);
				MARKETING_VERSION = 1.0;
				PRODUCT_BUNDLE_IDENTIFIER = "com.Musashi.Weather-SwiftUI";
				PRODUCT_NAME = "$(TARGET_NAME)";
				SWIFT_EMIT_LOC_STRINGS = YES;
				SWIFT_VERSION = 5.0;
				TARGETED_DEVICE_FAMILY = "1,2";
			};
			name = Release;
		};
		E39FE67C2A4F2AE20020D0D7 /* Debug */ = {
			isa = XCBuildConfiguration;
			buildSettings = {
				ALWAYS_EMBED_SWIFT_STANDARD_LIBRARIES = YES;
				BUNDLE_LOADER = "$(TEST_HOST)";
				CODE_SIGN_STYLE = Automatic;
				CURRENT_PROJECT_VERSION = 1;
				GENERATE_INFOPLIST_FILE = YES;
				IPHONEOS_DEPLOYMENT_TARGET = 16.4;
				MARKETING_VERSION = 1.0;
				PRODUCT_BUNDLE_IDENTIFIER = "com.Musashi.Weather-SwiftUITests";
				PRODUCT_NAME = "$(TARGET_NAME)";
				SWIFT_EMIT_LOC_STRINGS = NO;
				SWIFT_VERSION = 5.0;
				TARGETED_DEVICE_FAMILY = "1,2";
				TEST_HOST = "$(BUILT_PRODUCTS_DIR)/Weather-SwiftUI.app/$(BUNDLE_EXECUTABLE_FOLDER_PATH)/Weather-SwiftUI";
			};
			name = Debug;
		};
		E39FE67D2A4F2AE20020D0D7 /* Release */ = {
			isa = XCBuildConfiguration;
			buildSettings = {
				ALWAYS_EMBED_SWIFT_STANDARD_LIBRARIES = YES;
				BUNDLE_LOADER = "$(TEST_HOST)";
				CODE_SIGN_STYLE = Automatic;
				CURRENT_PROJECT_VERSION = 1;
				GENERATE_INFOPLIST_FILE = YES;
				IPHONEOS_DEPLOYMENT_TARGET = 16.4;
				MARKETING_VERSION = 1.0;
				PRODUCT_BUNDLE_IDENTIFIER = "com.Musashi.Weather-SwiftUITests";
				PRODUCT_NAME = "$(TARGET_NAME)";
				SWIFT_EMIT_LOC_STRINGS = NO;
				SWIFT_VERSION = 5.0;
				TARGETED_DEVICE_FAMILY = "1,2";
				TEST_HOST = "$(BUILT_PRODUCTS_DIR)/Weather-SwiftUI.app/$(BUNDLE_EXECUTABLE_FOLDER_PATH)/Weather-SwiftUI";
			};
			name = Release;
		};
		E39FE67F2A4F2AE20020D0D7 /* Debug */ = {
			isa = XCBuildConfiguration;
			buildSettings = {
				ALWAYS_EMBED_SWIFT_STANDARD_LIBRARIES = YES;
				CODE_SIGN_STYLE = Automatic;
				CURRENT_PROJECT_VERSION = 1;
				GENERATE_INFOPLIST_FILE = YES;
				MARKETING_VERSION = 1.0;
				PRODUCT_BUNDLE_IDENTIFIER = "com.Musashi.Weather-SwiftUIUITests";
				PRODUCT_NAME = "$(TARGET_NAME)";
				SWIFT_EMIT_LOC_STRINGS = NO;
				SWIFT_VERSION = 5.0;
				TARGETED_DEVICE_FAMILY = "1,2";
				TEST_TARGET_NAME = "Weather-SwiftUI";
			};
			name = Debug;
		};
		E39FE6802A4F2AE20020D0D7 /* Release */ = {
			isa = XCBuildConfiguration;
			buildSettings = {
				ALWAYS_EMBED_SWIFT_STANDARD_LIBRARIES = YES;
				CODE_SIGN_STYLE = Automatic;
				CURRENT_PROJECT_VERSION = 1;
				GENERATE_INFOPLIST_FILE = YES;
				MARKETING_VERSION = 1.0;
				PRODUCT_BUNDLE_IDENTIFIER = "com.Musashi.Weather-SwiftUIUITests";
				PRODUCT_NAME = "$(TARGET_NAME)";
				SWIFT_EMIT_LOC_STRINGS = NO;
				SWIFT_VERSION = 5.0;
				TARGETED_DEVICE_FAMILY = "1,2";
				TEST_TARGET_NAME = "Weather-SwiftUI";
			};
			name = Release;
		};
/* End XCBuildConfiguration section */

/* Begin XCConfigurationList section */
		E39FE64F2A4F2AE00020D0D7 /* Build configuration list for PBXProject "Weather-SwiftUI" */ = {
			isa = XCConfigurationList;
			buildConfigurations = (
				E39FE6762A4F2AE20020D0D7 /* Debug */,
				E39FE6772A4F2AE20020D0D7 /* Release */,
			);
			defaultConfigurationIsVisible = 0;
			defaultConfigurationName = Release;
		};
		E39FE6782A4F2AE20020D0D7 /* Build configuration list for PBXNativeTarget "Weather-SwiftUI" */ = {
			isa = XCConfigurationList;
			buildConfigurations = (
				E39FE6792A4F2AE20020D0D7 /* Debug */,
				E39FE67A2A4F2AE20020D0D7 /* Release */,
			);
			defaultConfigurationIsVisible = 0;
			defaultConfigurationName = Release;
		};
		E39FE67B2A4F2AE20020D0D7 /* Build configuration list for PBXNativeTarget "Weather-SwiftUITests" */ = {
			isa = XCConfigurationList;
			buildConfigurations = (
				E39FE67C2A4F2AE20020D0D7 /* Debug */,
				E39FE67D2A4F2AE20020D0D7 /* Release */,
			);
			defaultConfigurationIsVisible = 0;
			defaultConfigurationName = Release;
		};
		E39FE67E2A4F2AE20020D0D7 /* Build configuration list for PBXNativeTarget "Weather-SwiftUIUITests" */ = {
			isa = XCConfigurationList;
			buildConfigurations = (
				E39FE67F2A4F2AE20020D0D7 /* Debug */,
				E39FE6802A4F2AE20020D0D7 /* Release */,
			);
			defaultConfigurationIsVisible = 0;
			defaultConfigurationName = Release;
		};
/* End XCConfigurationList section */
	};
	rootObject = E39FE64C2A4F2AE00020D0D7 /* Project object */;
}
